
Microsoft Visual Studio Solution File, Format Version 12.00
# Visual Studio 15
VisualStudioVersion = 15.0.28307.329
MinimumVisualStudioVersion = 10.0.40219.1
Project("{9A19103F-16F7-4668-BE54-9A1E7A4F7556}") = "MicroForum_NetCore", "asp_core19_Exercicio\MicroForum_NetCore.csproj", "{891A8BF7-F20A-4CD9-AE64-7476EF94981B}"
EndProject
Global
	GlobalSection(SolutionConfigurationPlatforms) = preSolution
		Debug|Any CPU = Debug|Any CPU
		Release|Any CPU = Release|Any CPU
	EndGlobalSection
	GlobalSection(ProjectConfigurationPlatforms) = postSolution
		{891A8BF7-F20A-4CD9-AE64-7476EF94981B}.Debug|Any CPU.ActiveCfg = Debug|Any CPU
		{891A8BF7-F20A-4CD9-AE64-7476EF94981B}.Debug|Any CPU.Build.0 = Debug|Any CPU
		{891A8BF7-F20A-4CD9-AE64-7476EF94981B}.Release|Any CPU.ActiveCfg = Release|Any CPU
		{891A8BF7-F20A-4CD9-AE64-7476EF94981B}.Release|Any CPU.Build.0 = Release|Any CPU
	EndGlobalSection
	GlobalSection(SolutionProperties) = preSolution
		HideSolutionNode = FALSE
	EndGlobalSection
	GlobalSection(ExtensibilityGlobals) = postSolution
		SolutionGuid = {F2A279A6-0E99-4DC6-A266-0F4CB2770E29}
	EndGlobalSection
EndGlobal
